
Microsoft Visual Studio Solution File, Format Version 12.00
# Visual Studio 15
VisualStudioVersion = 15.0.28307.168
MinimumVisualStudioVersion = 10.0.40219.1
Project("{FAE04EC0-301F-11D3-BF4B-00C04F79EFBC}") = "mySheets2", "mySheets2\mySheets2.csproj", "{597C5724-C910-44A3-82E3-B16DF3898D93}"
EndProject
Global
	GlobalSection(SolutionConfigurationPlatforms) = preSolution
		Debug|Any CPU = Debug|Any CPU
		Release|Any CPU = Release|Any CPU
	EndGlobalSection
	GlobalSection(ProjectConfigurationPlatforms) = postSolution
		{597C5724-C910-44A3-82E3-B16DF3898D93}.Debug|Any CPU.ActiveCfg = Debug|Any CPU
		{597C5724-C910-44A3-82E3-B16DF3898D93}.Debug|Any CPU.Build.0 = Debug|Any CPU
		{597C5724-C910-44A3-82E3-B16DF3898D93}.Release|Any CPU.ActiveCfg = Release|Any CPU
		{597C5724-C910-44A3-82E3-B16DF3898D93}.Release|Any CPU.Build.0 = Release|Any CPU
	EndGlobalSection
	GlobalSection(SolutionProperties) = preSolution
		HideSolutionNode = FALSE
	EndGlobalSection
	GlobalSection(ExtensibilityGlobals) = postSolution
		SolutionGuid = {76B69391-D874-4F1B-968A-9783157705F7}
	EndGlobalSection
EndGlobal
